
Microsoft Visual Studio Solution File, Format Version 12.00
# Visual Studio 2015
Project("{FAE04EC0-301F-11D3-BF4B-00C04F79EFBC}") = "TwoPG_1.1.CSharp", "TwoPG_1.1.CSharp.csproj", "{8C23487B-1138-0F6E-A893-7EE5DE60A1B9}"
EndProject
Global
	GlobalSection(SolutionConfigurationPlatforms) = preSolution
		Debug|Any CPU = Debug|Any CPU
		Release|Any CPU = Release|Any CPU
	EndGlobalSection
	GlobalSection(ProjectConfigurationPlatforms) = postSolution
		{8C23487B-1138-0F6E-A893-7EE5DE60A1B9}.Debug|Any CPU.ActiveCfg = Debug|Any CPU
		{8C23487B-1138-0F6E-A893-7EE5DE60A1B9}.Debug|Any CPU.Build.0 = Debug|Any CPU
		{8C23487B-1138-0F6E-A893-7EE5DE60A1B9}.Release|Any CPU.ActiveCfg = Release|Any CPU
		{8C23487B-1138-0F6E-A893-7EE5DE60A1B9}.Release|Any CPU.Build.0 = Release|Any CPU
	EndGlobalSection
	GlobalSection(SolutionProperties) = preSolution
		HideSolutionNode = FALSE
	EndGlobalSection
EndGlobal
