
Microsoft Visual Studio Solution File, Format Version 12.00
# Visual Studio 2015
Project("{FAE04EC0-301F-11D3-BF4B-00C04F79EFBC}") = "TwoPG.CSharp", "TwoPG.CSharp.csproj", "{E843B7BA-0B9A-406E-468C-216ED5C82C50}"
EndProject
Global
	GlobalSection(SolutionConfigurationPlatforms) = preSolution
		Debug|Any CPU = Debug|Any CPU
		Release|Any CPU = Release|Any CPU
	EndGlobalSection
	GlobalSection(ProjectConfigurationPlatforms) = postSolution
		{E843B7BA-0B9A-406E-468C-216ED5C82C50}.Debug|Any CPU.ActiveCfg = Debug|Any CPU
		{E843B7BA-0B9A-406E-468C-216ED5C82C50}.Debug|Any CPU.Build.0 = Debug|Any CPU
		{E843B7BA-0B9A-406E-468C-216ED5C82C50}.Release|Any CPU.ActiveCfg = Release|Any CPU
		{E843B7BA-0B9A-406E-468C-216ED5C82C50}.Release|Any CPU.Build.0 = Release|Any CPU
	EndGlobalSection
	GlobalSection(SolutionProperties) = preSolution
		HideSolutionNode = FALSE
	EndGlobalSection
EndGlobal
